
Microsoft Visual Studio Solution File, Format Version 12.00
# Visual Studio Version 17
VisualStudioVersion = 17.3.32922.545
MinimumVisualStudioVersion = 10.0.40219.1
Project("{FAE04EC0-301F-11D3-BF4B-00C04F79EFBC}") = "Activity 6", "Activity 6\Activity 6.csproj", "{82E87AA6-A2AD-41C6-9DB4-46FCCC821E44}"
EndProject
Global
	GlobalSection(SolutionConfigurationPlatforms) = preSolution
		Debug|Any CPU = Debug|Any CPU
		Release|Any CPU = Release|Any CPU
	EndGlobalSection
	GlobalSection(ProjectConfigurationPlatforms) = postSolution
		{82E87AA6-A2AD-41C6-9DB4-46FCCC821E44}.Debug|Any CPU.ActiveCfg = Debug|Any CPU
		{82E87AA6-A2AD-41C6-9DB4-46FCCC821E44}.Debug|Any CPU.Build.0 = Debug|Any CPU
		{82E87AA6-A2AD-41C6-9DB4-46FCCC821E44}.Release|Any CPU.ActiveCfg = Release|Any CPU
		{82E87AA6-A2AD-41C6-9DB4-46FCCC821E44}.Release|Any CPU.Build.0 = Release|Any CPU
	EndGlobalSection
	GlobalSection(SolutionProperties) = preSolution
		HideSolutionNode = FALSE
	EndGlobalSection
	GlobalSection(ExtensibilityGlobals) = postSolution
		SolutionGuid = {4FBABD9A-0A89-4117-8E65-54DCAD72ED58}
	EndGlobalSection
EndGlobal
